// !$*UTF8*$!
{
	archiveVersion = 1;
	classes = {
	};
	objectVersion = 55;
	objects = {

/* Begin PBXBuildFile section */
		1BCF86B2281108F0008A5EF2 /* AppDelegate.swift in Sources */ = {isa = PBXBuildFile; fileRef = 1BCF86B1281108F0008A5EF2 /* AppDelegate.swift */; };
		1BCF86B4281108F0008A5EF2 /* ViewController.swift in Sources */ = {isa = PBXBuildFile; fileRef = 1BCF86B3281108F0008A5EF2 /* ViewController.swift */; };
		1BCF86B6281108F3008A5EF2 /* Assets.xcassets in Resources */ = {isa = PBXBuildFile; fileRef = 1BCF86B5281108F3008A5EF2 /* Assets.xcassets */; };
		1BCF86B9281108F3008A5EF2 /* Main.storyboard in Resources */ = {isa = PBXBuildFile; fileRef = 1BCF86B7281108F3008A5EF2 /* Main.storyboard */; };
		1BCF86C4281108F3008A5EF2 /* EssentialFeedTests.swift in Sources */ = {isa = PBXBuildFile; fileRef = 1BCF86C3281108F3008A5EF2 /* EssentialFeedTests.swift */; };
		1BCF86CE281108F4008A5EF2 /* EssentialFeedUITests.swift in Sources */ = {isa = PBXBuildFile; fileRef = 1BCF86CD281108F4008A5EF2 /* EssentialFeedUITests.swift */; };
		1BCF86D0281108F4008A5EF2 /* EssentialFeedUITestsLaunchTests.swift in Sources */ = {isa = PBXBuildFile; fileRef = 1BCF86CF281108F4008A5EF2 /* EssentialFeedUITestsLaunchTests.swift */; };
		1BCF86DE28110926008A5EF2 /* FeedItem.swift in Sources */ = {isa = PBXBuildFile; fileRef = 1BCF86DD28110926008A5EF2 /* FeedItem.swift */; };
		1BCF86E028110986008A5EF2 /* FeedLoader.swift in Sources */ = {isa = PBXBuildFile; fileRef = 1BCF86DF28110986008A5EF2 /* FeedLoader.swift */; };
/* End PBXBuildFile section */

/* Begin PBXContainerItemProxy section */
		1BCF86C0281108F3008A5EF2 /* PBXContainerItemProxy */ = {
			isa = PBXContainerItemProxy;
			containerPortal = 1BCF86A6281108F0008A5EF2 /* Project object */;
			proxyType = 1;
			remoteGlobalIDString = 1BCF86AD281108F0008A5EF2;
			remoteInfo = EssentialFeed;
		};
		1BCF86CA281108F4008A5EF2 /* PBXContainerItemProxy */ = {
			isa = PBXContainerItemProxy;
			containerPortal = 1BCF86A6281108F0008A5EF2 /* Project object */;
			proxyType = 1;
			remoteGlobalIDString = 1BCF86AD281108F0008A5EF2;
			remoteInfo = EssentialFeed;
		};
/* End PBXContainerItemProxy section */

/* Begin PBXFileReference section */
		1BCF86AE281108F0008A5EF2 /* EssentialFeed.app */ = {isa = PBXFileReference; explicitFileType = wrapper.application; includeInIndex = 0; path = EssentialFeed.app; sourceTree = BUILT_PRODUCTS_DIR; };
		1BCF86B1281108F0008A5EF2 /* AppDelegate.swift */ = {isa = PBXFileReference; lastKnownFileType = sourcecode.swift; path = AppDelegate.swift; sourceTree = "<group>"; };
		1BCF86B3281108F0008A5EF2 /* ViewController.swift */ = {isa = PBXFileReference; lastKnownFileType = sourcecode.swift; path = ViewController.swift; sourceTree = "<group>"; };
		1BCF86B5281108F3008A5EF2 /* Assets.xcassets */ = {isa = PBXFileReference; lastKnownFileType = folder.assetcatalog; path = Assets.xcassets; sourceTree = "<group>"; };
		1BCF86B8281108F3008A5EF2 /* Base */ = {isa = PBXFileReference; lastKnownFileType = file.storyboard; name = Base; path = Base.lproj/Main.storyboard; sourceTree = "<group>"; };
		1BCF86BA281108F3008A5EF2 /* EssentialFeed.entitlements */ = {isa = PBXFileReference; lastKnownFileType = text.plist.entitlements; path = EssentialFeed.entitlements; sourceTree = "<group>"; };
		1BCF86BF281108F3008A5EF2 /* EssentialFeedTests.xctest */ = {isa = PBXFileReference; explicitFileType = wrapper.cfbundle; includeInIndex = 0; path = EssentialFeedTests.xctest; sourceTree = BUILT_PRODUCTS_DIR; };
		1BCF86C3281108F3008A5EF2 /* EssentialFeedTests.swift */ = {isa = PBXFileReference; lastKnownFileType = sourcecode.swift; path = EssentialFeedTests.swift; sourceTree = "<group>"; };
		1BCF86C9281108F4008A5EF2 /* EssentialFeedUITests.xctest */ = {isa = PBXFileReference; explicitFileType = wrapper.cfbundle; includeInIndex = 0; path = EssentialFeedUITests.xctest; sourceTree = BUILT_PRODUCTS_DIR; };
		1BCF86CD281108F4008A5EF2 /* EssentialFeedUITests.swift */ = {isa = PBXFileReference; lastKnownFileType = sourcecode.swift; path = EssentialFeedUITests.swift; sourceTree = "<group>"; };
		1BCF86CF281108F4008A5EF2 /* EssentialFeedUITestsLaunchTests.swift */ = {isa = PBXFileReference; lastKnownFileType = sourcecode.swift; path = EssentialFeedUITestsLaunchTests.swift; sourceTree = "<group>"; };
		1BCF86DD28110926008A5EF2 /* FeedItem.swift */ = {isa = PBXFileReference; lastKnownFileType = sourcecode.swift; path = FeedItem.swift; sourceTree = "<group>"; };
		1BCF86DF28110986008A5EF2 /* FeedLoader.swift */ = {isa = PBXFileReference; lastKnownFileType = sourcecode.swift; path = FeedLoader.swift; sourceTree = "<group>"; };
/* End PBXFileReference section */

/* Begin PBXFrameworksBuildPhase section */
		1BCF86AB281108F0008A5EF2 /* Frameworks */ = {
			isa = PBXFrameworksBuildPhase;
			buildActionMask = 2147483647;
			files = (
			);
			runOnlyForDeploymentPostprocessing = 0;
		};
		1BCF86BC281108F3008A5EF2 /* Frameworks */ = {
			isa = PBXFrameworksBuildPhase;
			buildActionMask = 2147483647;
			files = (
			);
			runOnlyForDeploymentPostprocessing = 0;
		};
		1BCF86C6281108F4008A5EF2 /* Frameworks */ = {
			isa = PBXFrameworksBuildPhase;
			buildActionMask = 2147483647;
			files = (
			);
			runOnlyForDeploymentPostprocessing = 0;
		};
/* End PBXFrameworksBuildPhase section */

/* Begin PBXGroup section */
		1BCF86A5281108F0008A5EF2 = {
			isa = PBXGroup;
			children = (
				1BCF86B0281108F0008A5EF2 /* EssentialFeed */,
				1BCF86C2281108F3008A5EF2 /* EssentialFeedTests */,
				1BCF86CC281108F4008A5EF2 /* EssentialFeedUITests */,
				1BCF86AF281108F0008A5EF2 /* Products */,
			);
			sourceTree = "<group>";
		};
		1BCF86AF281108F0008A5EF2 /* Products */ = {
			isa = PBXGroup;
			children = (
				1BCF86AE281108F0008A5EF2 /* EssentialFeed.app */,
				1BCF86BF281108F3008A5EF2 /* EssentialFeedTests.xctest */,
				1BCF86C9281108F4008A5EF2 /* EssentialFeedUITests.xctest */,
			);
			name = Products;
			sourceTree = "<group>";
		};
		1BCF86B0281108F0008A5EF2 /* EssentialFeed */ = {
			isa = PBXGroup;
			children = (
				1BCF86B1281108F0008A5EF2 /* AppDelegate.swift */,
				1BCF86B3281108F0008A5EF2 /* ViewController.swift */,
				1BCF86B5281108F3008A5EF2 /* Assets.xcassets */,
				1BCF86B7281108F3008A5EF2 /* Main.storyboard */,
				1BCF86BA281108F3008A5EF2 /* EssentialFeed.entitlements */,
				1BCF86E228110AAF008A5EF2 /* Feedfeature */,
			);
			path = EssentialFeed;
			sourceTree = "<group>";
		};
		1BCF86C2281108F3008A5EF2 /* EssentialFeedTests */ = {
			isa = PBXGroup;
			children = (
				1BCF86C3281108F3008A5EF2 /* EssentialFeedTests.swift */,
			);
			path = EssentialFeedTests;
			sourceTree = "<group>";
		};
		1BCF86CC281108F4008A5EF2 /* EssentialFeedUITests */ = {
			isa = PBXGroup;
			children = (
				1BCF86CD281108F4008A5EF2 /* EssentialFeedUITests.swift */,
				1BCF86CF281108F4008A5EF2 /* EssentialFeedUITestsLaunchTests.swift */,
			);
			path = EssentialFeedUITests;
			sourceTree = "<group>";
		};
		1BCF86E228110AAF008A5EF2 /* Feedfeature */ = {
			isa = PBXGroup;
			children = (
				1BCF86DD28110926008A5EF2 /* FeedItem.swift */,
				1BCF86DF28110986008A5EF2 /* FeedLoader.swift */,
			);
			path = Feedfeature;
			sourceTree = "<group>";
		};
/* End PBXGroup section */

/* Begin PBXNativeTarget section */
		1BCF86AD281108F0008A5EF2 /* EssentialFeed */ = {
			isa = PBXNativeTarget;
			buildConfigurationList = 1BCF86D3281108F4008A5EF2 /* Build configuration list for PBXNativeTarget "EssentialFeed" */;
			buildPhases = (
				1BCF86AA281108F0008A5EF2 /* Sources */,
				1BCF86AB281108F0008A5EF2 /* Frameworks */,
				1BCF86AC281108F0008A5EF2 /* Resources */,
			);
			buildRules = (
			);
			dependencies = (
			);
			name = EssentialFeed;
			productName = EssentialFeed;
			productReference = 1BCF86AE281108F0008A5EF2 /* EssentialFeed.app */;
			productType = "com.apple.product-type.application";
		};
		1BCF86BE281108F3008A5EF2 /* EssentialFeedTests */ = {
			isa = PBXNativeTarget;
			buildConfigurationList = 1BCF86D6281108F4008A5EF2 /* Build configuration list for PBXNativeTarget "EssentialFeedTests" */;
			buildPhases = (
				1BCF86BB281108F3008A5EF2 /* Sources */,
				1BCF86BC281108F3008A5EF2 /* Frameworks */,
				1BCF86BD281108F3008A5EF2 /* Resources */,
			);
			buildRules = (
			);
			dependencies = (
				1BCF86C1281108F3008A5EF2 /* PBXTargetDependency */,
			);
			name = EssentialFeedTests;
			productName = EssentialFeedTests;
			productReference = 1BCF86BF281108F3008A5EF2 /* EssentialFeedTests.xctest */;
			productType = "com.apple.product-type.bundle.unit-test";
		};
		1BCF86C8281108F4008A5EF2 /* EssentialFeedUITests */ = {
			isa = PBXNativeTarget;
			buildConfigurationList = 1BCF86D9281108F4008A5EF2 /* Build configuration list for PBXNativeTarget "EssentialFeedUITests" */;
			buildPhases = (
				1BCF86C5281108F4008A5EF2 /* Sources */,
				1BCF86C6281108F4008A5EF2 /* Frameworks */,
				1BCF86C7281108F4008A5EF2 /* Resources */,
			);
			buildRules = (
			);
			dependencies = (
				1BCF86CB281108F4008A5EF2 /* PBXTargetDependency */,
			);
			name = EssentialFeedUITests;
			productName = EssentialFeedUITests;
			productReference = 1BCF86C9281108F4008A5EF2 /* EssentialFeedUITests.xctest */;
			productType = "com.apple.product-type.bundle.ui-testing";
		};
/* End PBXNativeTarget section */

/* Begin PBXProject section */
		1BCF86A6281108F0008A5EF2 /* Project object */ = {
			isa = PBXProject;
			attributes = {
				BuildIndependentTargetsInParallel = 1;
				LastSwiftUpdateCheck = 1320;
				LastUpgradeCheck = 1320;
				TargetAttributes = {
					1BCF86AD281108F0008A5EF2 = {
						CreatedOnToolsVersion = 13.2.1;
					};
					1BCF86BE281108F3008A5EF2 = {
						CreatedOnToolsVersion = 13.2.1;
						TestTargetID = 1BCF86AD281108F0008A5EF2;
					};
					1BCF86C8281108F4008A5EF2 = {
						CreatedOnToolsVersion = 13.2.1;
						TestTargetID = 1BCF86AD281108F0008A5EF2;
					};
				};
			};
			buildConfigurationList = 1BCF86A9281108F0008A5EF2 /* Build configuration list for PBXProject "EssentialFeed" */;
			compatibilityVersion = "Xcode 13.0";
			developmentRegion = en;
			hasScannedForEncodings = 0;
			knownRegions = (
				en,
				Base,
			);
			mainGroup = 1BCF86A5281108F0008A5EF2;
			productRefGroup = 1BCF86AF281108F0008A5EF2 /* Products */;
			projectDirPath = "";
			projectRoot = "";
			targets = (
				1BCF86AD281108F0008A5EF2 /* EssentialFeed */,
				1BCF86BE281108F3008A5EF2 /* EssentialFeedTests */,
				1BCF86C8281108F4008A5EF2 /* EssentialFeedUITests */,
			);
		};
/* End PBXProject section */

/* Begin PBXResourcesBuildPhase section */
		1BCF86AC281108F0008A5EF2 /* Resources */ = {
			isa = PBXResourcesBuildPhase;
			buildActionMask = 2147483647;
			files = (
				1BCF86B6281108F3008A5EF2 /* Assets.xcassets in Resources */,
				1BCF86B9281108F3008A5EF2 /* Main.storyboard in Resources */,
			);
			runOnlyForDeploymentPostprocessing = 0;
		};
		1BCF86BD281108F3008A5EF2 /* Resources */ = {
			isa = PBXResourcesBuildPhase;
			buildActionMask = 2147483647;
			files = (
			);
			runOnlyForDeploymentPostprocessing = 0;
		};
		1BCF86C7281108F4008A5EF2 /* Resources */ = {
			isa = PBXResourcesBuildPhase;
			buildActionMask = 2147483647;
			files = (
			);
			runOnlyForDeploymentPostprocessing = 0;
		};
/* End PBXResourcesBuildPhase section */

/* Begin PBXSourcesBuildPhase section */
		1BCF86AA281108F0008A5EF2 /* Sources */ = {
			isa = PBXSourcesBuildPhase;
			buildActionMask = 2147483647;
			files = (
				1BCF86B4281108F0008A5EF2 /* ViewController.swift in Sources */,
				1BCF86B2281108F0008A5EF2 /* AppDelegate.swift in Sources */,
				1BCF86E028110986008A5EF2 /* FeedLoader.swift in Sources */,
				1BCF86DE28110926008A5EF2 /* FeedItem.swift in Sources */,
			);
			runOnlyForDeploymentPostprocessing = 0;
		};
		1BCF86BB281108F3008A5EF2 /* Sources */ = {
			isa = PBXSourcesBuildPhase;
			buildActionMask = 2147483647;
			files = (
				1BCF86C4281108F3008A5EF2 /* EssentialFeedTests.swift in Sources */,
			);
			runOnlyForDeploymentPostprocessing = 0;
		};
		1BCF86C5281108F4008A5EF2 /* Sources */ = {
			isa = PBXSourcesBuildPhase;
			buildActionMask = 2147483647;
			files = (
				1BCF86CE281108F4008A5EF2 /* EssentialFeedUITests.swift in Sources */,
				1BCF86D0281108F4008A5EF2 /* EssentialFeedUITestsLaunchTests.swift in Sources */,
			);
			runOnlyForDeploymentPostprocessing = 0;
		};
/* End PBXSourcesBuildPhase section */

/* Begin PBXTargetDependency section */
		1BCF86C1281108F3008A5EF2 /* PBXTargetDependency */ = {
			isa = PBXTargetDependency;
			target = 1BCF86AD281108F0008A5EF2 /* EssentialFeed */;
			targetProxy = 1BCF86C0281108F3008A5EF2 /* PBXContainerItemProxy */;
		};
		1BCF86CB281108F4008A5EF2 /* PBXTargetDependency */ = {
			isa = PBXTargetDependency;
			target = 1BCF86AD281108F0008A5EF2 /* EssentialFeed */;
			targetProxy = 1BCF86CA281108F4008A5EF2 /* PBXContainerItemProxy */;
		};
/* End PBXTargetDependency section */

/* Begin PBXVariantGroup section */
		1BCF86B7281108F3008A5EF2 /* Main.storyboard */ = {
			isa = PBXVariantGroup;
			children = (
				1BCF86B8281108F3008A5EF2 /* Base */,
			);
			name = Main.storyboard;
			sourceTree = "<group>";
		};
/* End PBXVariantGroup section */

/* Begin XCBuildConfiguration section */
		1BCF86D1281108F4008A5EF2 /* Debug */ = {
			isa = XCBuildConfiguration;
			buildSettings = {
				ALWAYS_SEARCH_USER_PATHS = NO;
				CLANG_ANALYZER_NONNULL = YES;
				CLANG_ANALYZER_NUMBER_OBJECT_CONVERSION = YES_AGGRESSIVE;
				CLANG_CXX_LANGUAGE_STANDARD = "gnu++17";
				CLANG_CXX_LIBRARY = "libc++";
				CLANG_ENABLE_MODULES = YES;
				CLANG_ENABLE_OBJC_ARC = YES;
				CLANG_ENABLE_OBJC_WEAK = YES;
				CLANG_WARN_BLOCK_CAPTURE_AUTORELEASING = YES;
				CLANG_WARN_BOOL_CONVERSION = YES;
				CLANG_WARN_COMMA = YES;
				CLANG_WARN_CONSTANT_CONVERSION = YES;
				CLANG_WARN_DEPRECATED_OBJC_IMPLEMENTATIONS = YES;
				CLANG_WARN_DIRECT_OBJC_ISA_USAGE = YES_ERROR;
				CLANG_WARN_DOCUMENTATION_COMMENTS = YES;
				CLANG_WARN_EMPTY_BODY = YES;
				CLANG_WARN_ENUM_CONVERSION = YES;
				CLANG_WARN_INFINITE_RECURSION = YES;
				CLANG_WARN_INT_CONVERSION = YES;
				CLANG_WARN_NON_LITERAL_NULL_CONVERSION = YES;
				CLANG_WARN_OBJC_IMPLICIT_RETAIN_SELF = YES;
				CLANG_WARN_OBJC_LITERAL_CONVERSION = YES;
				CLANG_WARN_OBJC_ROOT_CLASS = YES_ERROR;
				CLANG_WARN_QUOTED_INCLUDE_IN_FRAMEWORK_HEADER = YES;
				CLANG_WARN_RANGE_LOOP_ANALYSIS = YES;
				CLANG_WARN_STRICT_PROTOTYPES = YES;
				CLANG_WARN_SUSPICIOUS_MOVE = YES;
				CLANG_WARN_UNGUARDED_AVAILABILITY = YES_AGGRESSIVE;
				CLANG_WARN_UNREACHABLE_CODE = YES;
				CLANG_WARN__DUPLICATE_METHOD_MATCH = YES;
				COPY_PHASE_STRIP = NO;
				DEBUG_INFORMATION_FORMAT = dwarf;
				ENABLE_STRICT_OBJC_MSGSEND = YES;
				ENABLE_TESTABILITY = YES;
				GCC_C_LANGUAGE_STANDARD = gnu11;
				GCC_DYNAMIC_NO_PIC = NO;
				GCC_NO_COMMON_BLOCKS = YES;
				GCC_OPTIMIZATION_LEVEL = 0;
				GCC_PREPROCESSOR_DEFINITIONS = (
					"DEBUG=1",
					"$(inherited)",
				);
				GCC_WARN_64_TO_32_BIT_CONVERSION = YES;
				GCC_WARN_ABOUT_RETURN_TYPE = YES_ERROR;
				GCC_WARN_UNDECLARED_SELECTOR = YES;
				GCC_WARN_UNINITIALIZED_AUTOS = YES_AGGRESSIVE;
				GCC_WARN_UNUSED_FUNCTION = YES;
				GCC_WARN_UNUSED_VARIABLE = YES;
				MACOSX_DEPLOYMENT_TARGET = 11.4;
				MTL_ENABLE_DEBUG_INFO = INCLUDE_SOURCE;
				MTL_FAST_MATH = YES;
				ONLY_ACTIVE_ARCH = YES;
				SDKROOT = macosx;
				SWIFT_ACTIVE_COMPILATION_CONDITIONS = DEBUG;
				SWIFT_OPTIMIZATION_LEVEL = "-Onone";
			};
			name = Debug;
		};
		1BCF86D2281108F4008A5EF2 /* Release */ = {
			isa = XCBuildConfiguration;
			buildSettings = {
				ALWAYS_SEARCH_USER_PATHS = NO;
				CLANG_ANALYZER_NONNULL = YES;
				CLANG_ANALYZER_NUMBER_OBJECT_CONVERSION = YES_AGGRESSIVE;
				CLANG_CXX_LANGUAGE_STANDARD = "gnu++17";
				CLANG_CXX_LIBRARY = "libc++";
				CLANG_ENABLE_MODULES = YES;
				CLANG_ENABLE_OBJC_ARC = YES;
				CLANG_ENABLE_OBJC_WEAK = YES;
				CLANG_WARN_BLOCK_CAPTURE_AUTORELEASING = YES;
				CLANG_WARN_BOOL_CONVERSION = YES;
				CLANG_WARN_COMMA = YES;
				CLANG_WARN_CONSTANT_CONVERSION = YES;
				CLANG_WARN_DEPRECATED_OBJC_IMPLEMENTATIONS = YES;
				CLANG_WARN_DIRECT_OBJC_ISA_USAGE = YES_ERROR;
				CLANG_WARN_DOCUMENTATION_COMMENTS = YES;
				CLANG_WARN_EMPTY_BODY = YES;
				CLANG_WARN_ENUM_CONVERSION = YES;
				CLANG_WARN_INFINITE_RECURSION = YES;
				CLANG_WARN_INT_CONVERSION = YES;
				CLANG_WARN_NON_LITERAL_NULL_CONVERSION = YES;
				CLANG_WARN_OBJC_IMPLICIT_RETAIN_SELF = YES;
				CLANG_WARN_OBJC_LITERAL_CONVERSION = YES;
				CLANG_WARN_OBJC_ROOT_CLASS = YES_ERROR;
				CLANG_WARN_QUOTED_INCLUDE_IN_FRAMEWORK_HEADER = YES;
				CLANG_WARN_RANGE_LOOP_ANALYSIS = YES;
				CLANG_WARN_STRICT_PROTOTYPES = YES;
				CLANG_WARN_SUSPICIOUS_MOVE = YES;
				CLANG_WARN_UNGUARDED_AVAILABILITY = YES_AGGRESSIVE;
				CLANG_WARN_UNREACHABLE_CODE = YES;
				CLANG_WARN__DUPLICATE_METHOD_MATCH = YES;
				COPY_PHASE_STRIP = NO;
				DEBUG_INFORMATION_FORMAT = "dwarf-with-dsym";
				ENABLE_NS_ASSERTIONS = NO;
				ENABLE_STRICT_OBJC_MSGSEND = YES;
				GCC_C_LANGUAGE_STANDARD = gnu11;
				GCC_NO_COMMON_BLOCKS = YES;
				GCC_WARN_64_TO_32_BIT_CONVERSION = YES;
				GCC_WARN_ABOUT_RETURN_TYPE = YES_ERROR;
				GCC_WARN_UNDECLARED_SELECTOR = YES;
				GCC_WARN_UNINITIALIZED_AUTOS = YES_AGGRESSIVE;
				GCC_WARN_UNUSED_FUNCTION = YES;
				GCC_WARN_UNUSED_VARIABLE = YES;
				MACOSX_DEPLOYMENT_TARGET = 11.4;
				MTL_ENABLE_DEBUG_INFO = NO;
				MTL_FAST_MATH = YES;
				SDKROOT = macosx;
				SWIFT_COMPILATION_MODE = wholemodule;
				SWIFT_OPTIMIZATION_LEVEL = "-O";
			};
			name = Release;
		};
		1BCF86D4281108F4008A5EF2 /* Debug */ = {
			isa = XCBuildConfiguration;
			buildSettings = {
				ASSETCATALOG_COMPILER_APPICON_NAME = AppIcon;
				ASSETCATALOG_COMPILER_GLOBAL_ACCENT_COLOR_NAME = AccentColor;
				CODE_SIGN_ENTITLEMENTS = EssentialFeed/EssentialFeed.entitlements;
				CODE_SIGN_STYLE = Automatic;
				COMBINE_HIDPI_IMAGES = YES;
				CURRENT_PROJECT_VERSION = 1;
				DEVELOPMENT_TEAM = 2FP92Z44M9;
				ENABLE_HARDENED_RUNTIME = YES;
				GENERATE_INFOPLIST_FILE = YES;
				INFOPLIST_KEY_NSHumanReadableCopyright = "";
				INFOPLIST_KEY_NSMainStoryboardFile = Main;
				INFOPLIST_KEY_NSPrincipalClass = NSApplication;
				LD_RUNPATH_SEARCH_PATHS = (
					"$(inherited)",
					"@executable_path/../Frameworks",
				);
				MARKETING_VERSION = 1.0;
				PRODUCT_BUNDLE_IDENTIFIER = com.feed.identifier.EssentialFeed;
				PRODUCT_NAME = "$(TARGET_NAME)";
				SWIFT_EMIT_LOC_STRINGS = YES;
				SWIFT_VERSION = 5.0;
			};
			name = Debug;
		};
		1BCF86D5281108F4008A5EF2 /* Release */ = {
			isa = XCBuildConfiguration;
			buildSettings = {
				ASSETCATALOG_COMPILER_APPICON_NAME = AppIcon;
				ASSETCATALOG_COMPILER_GLOBAL_ACCENT_COLOR_NAME = AccentColor;
				CODE_SIGN_ENTITLEMENTS = EssentialFeed/EssentialFeed.entitlements;
				CODE_SIGN_STYLE = Automatic;
				COMBINE_HIDPI_IMAGES = YES;
				CURRENT_PROJECT_VERSION = 1;
				DEVELOPMENT_TEAM = 2FP92Z44M9;
				ENABLE_HARDENED_RUNTIME = YES;
				GENERATE_INFOPLIST_FILE = YES;
				INFOPLIST_KEY_NSHumanReadableCopyright = "";
				INFOPLIST_KEY_NSMainStoryboardFile = Main;
				INFOPLIST_KEY_NSPrincipalClass = NSApplication;
				LD_RUNPATH_SEARCH_PATHS = (
					"$(inherited)",
					"@executable_path/../Frameworks",
				);
				MARKETING_VERSION = 1.0;
				PRODUCT_BUNDLE_IDENTIFIER = com.feed.identifier.EssentialFeed;
				PRODUCT_NAME = "$(TARGET_NAME)";
				SWIFT_EMIT_LOC_STRINGS = YES;
				SWIFT_VERSION = 5.0;
			};
			name = Release;
		};
		1BCF86D7281108F4008A5EF2 /* Debug */ = {
			isa = XCBuildConfiguration;
			buildSettings = {
				ALWAYS_EMBED_SWIFT_STANDARD_LIBRARIES = YES;
				BUNDLE_LOADER = "$(TEST_HOST)";
				CODE_SIGN_STYLE = Automatic;
				CURRENT_PROJECT_VERSION = 1;
				DEVELOPMENT_TEAM = 2FP92Z44M9;
				GENERATE_INFOPLIST_FILE = YES;
				MACOSX_DEPLOYMENT_TARGET = 11.4;
				MARKETING_VERSION = 1.0;
				PRODUCT_BUNDLE_IDENTIFIER = com.feed.identifier.EssentialFeedTests;
				PRODUCT_NAME = "$(TARGET_NAME)";
				SWIFT_EMIT_LOC_STRINGS = NO;
				SWIFT_VERSION = 5.0;
				TEST_HOST = "$(BUILT_PRODUCTS_DIR)/EssentialFeed.app/Contents/MacOS/EssentialFeed";
			};
			name = Debug;
		};
		1BCF86D8281108F4008A5EF2 /* Release */ = {
			isa = XCBuildConfiguration;
			buildSettings = {
				ALWAYS_EMBED_SWIFT_STANDARD_LIBRARIES = YES;
				BUNDLE_LOADER = "$(TEST_HOST)";
				CODE_SIGN_STYLE = Automatic;
				CURRENT_PROJECT_VERSION = 1;
				DEVELOPMENT_TEAM = 2FP92Z44M9;
				GENERATE_INFOPLIST_FILE = YES;
				MACOSX_DEPLOYMENT_TARGET = 11.4;
				MARKETING_VERSION = 1.0;
				PRODUCT_BUNDLE_IDENTIFIER = com.feed.identifier.EssentialFeedTests;
				PRODUCT_NAME = "$(TARGET_NAME)";
				SWIFT_EMIT_LOC_STRINGS = NO;
				SWIFT_VERSION = 5.0;
				TEST_HOST = "$(BUILT_PRODUCTS_DIR)/EssentialFeed.app/Contents/MacOS/EssentialFeed";
			};
			name = Release;
		};
		1BCF86DA281108F4008A5EF2 /* Debug */ = {
			isa = XCBuildConfiguration;
			buildSettings = {
				ALWAYS_EMBED_SWIFT_STANDARD_LIBRARIES = YES;
				CODE_SIGN_STYLE = Automatic;
				CURRENT_PROJECT_VERSION = 1;
				DEVELOPMENT_TEAM = 2FP92Z44M9;
				GENERATE_INFOPLIST_FILE = YES;
				MARKETING_VERSION = 1.0;
				PRODUCT_BUNDLE_IDENTIFIER = com.feed.identifier.EssentialFeedUITests;
				PRODUCT_NAME = "$(TARGET_NAME)";
				SWIFT_EMIT_LOC_STRINGS = NO;
				SWIFT_VERSION = 5.0;
				TEST_TARGET_NAME = EssentialFeed;
			};
			name = Debug;
		};
		1BCF86DB281108F4008A5EF2 /* Release */ = {
			isa = XCBuildConfiguration;
			buildSettings = {
				ALWAYS_EMBED_SWIFT_STANDARD_LIBRARIES = YES;
				CODE_SIGN_STYLE = Automatic;
				CURRENT_PROJECT_VERSION = 1;
				DEVELOPMENT_TEAM = 2FP92Z44M9;
				GENERATE_INFOPLIST_FILE = YES;
				MARKETING_VERSION = 1.0;
				PRODUCT_BUNDLE_IDENTIFIER = com.feed.identifier.EssentialFeedUITests;
				PRODUCT_NAME = "$(TARGET_NAME)";
				SWIFT_EMIT_LOC_STRINGS = NO;
				SWIFT_VERSION = 5.0;
				TEST_TARGET_NAME = EssentialFeed;
			};
			name = Release;
		};
/* End XCBuildConfiguration section */

/* Begin XCConfigurationList section */
		1BCF86A9281108F0008A5EF2 /* Build configuration list for PBXProject "EssentialFeed" */ = {
			isa = XCConfigurationList;
			buildConfigurations = (
				1BCF86D1281108F4008A5EF2 /* Debug */,
				1BCF86D2281108F4008A5EF2 /* Release */,
			);
			defaultConfigurationIsVisible = 0;
			defaultConfigurationName = Release;
		};
		1BCF86D3281108F4008A5EF2 /* Build configuration list for PBXNativeTarget "EssentialFeed" */ = {
			isa = XCConfigurationList;
			buildConfigurations = (
				1BCF86D4281108F4008A5EF2 /* Debug */,
				1BCF86D5281108F4008A5EF2 /* Release */,
			);
			defaultConfigurationIsVisible = 0;
			defaultConfigurationName = Release;
		};
		1BCF86D6281108F4008A5EF2 /* Build configuration list for PBXNativeTarget "EssentialFeedTests" */ = {
			isa = XCConfigurationList;
			buildConfigurations = (
				1BCF86D7281108F4008A5EF2 /* Debug */,
				1BCF86D8281108F4008A5EF2 /* Release */,
			);
			defaultConfigurationIsVisible = 0;
			defaultConfigurationName = Release;
		};
		1BCF86D9281108F4008A5EF2 /* Build configuration list for PBXNativeTarget "EssentialFeedUITests" */ = {
			isa = XCConfigurationList;
			buildConfigurations = (
				1BCF86DA281108F4008A5EF2 /* Debug */,
				1BCF86DB281108F4008A5EF2 /* Release */,
			);
			defaultConfigurationIsVisible = 0;
			defaultConfigurationName = Release;
		};
/* End XCConfigurationList section */
	};
	rootObject = 1BCF86A6281108F0008A5EF2 /* Project object */;
}
